
Microsoft Visual Studio Solution File, Format Version 12.00
# Visual Studio Version 16
VisualStudioVersion = 16.0.31702.278
MinimumVisualStudioVersion = 10.0.40219.1
Project("{FAE04EC0-301F-11D3-BF4B-00C04F79EFBC}") = "MVCBook", "MVCBook\MVCBook.csproj", "{DFBDC581-C4BD-419B-8BC2-A363DB35D2BF}"
EndProject
Global
	GlobalSection(SolutionConfigurationPlatforms) = preSolution
		Debug|Any CPU = Debug|Any CPU
		Release|Any CPU = Release|Any CPU
	EndGlobalSection
	GlobalSection(ProjectConfigurationPlatforms) = postSolution
		{DFBDC581-C4BD-419B-8BC2-A363DB35D2BF}.Debug|Any CPU.ActiveCfg = Debug|Any CPU
		{DFBDC581-C4BD-419B-8BC2-A363DB35D2BF}.Debug|Any CPU.Build.0 = Debug|Any CPU
		{DFBDC581-C4BD-419B-8BC2-A363DB35D2BF}.Release|Any CPU.ActiveCfg = Release|Any CPU
		{DFBDC581-C4BD-419B-8BC2-A363DB35D2BF}.Release|Any CPU.Build.0 = Release|Any CPU
	EndGlobalSection
	GlobalSection(SolutionProperties) = preSolution
		HideSolutionNode = FALSE
	EndGlobalSection
	GlobalSection(ExtensibilityGlobals) = postSolution
		SolutionGuid = {5A1286A4-D121-412F-A575-F96368EFC07C}
	EndGlobalSection
EndGlobal
